
Microsoft Visual Studio Solution File, Format Version 12.00
# Visual Studio Version 16
VisualStudioVersion = 16.0.29728.190
MinimumVisualStudioVersion = 10.0.40219.1
Project("{FAE04EC0-301F-11D3-BF4B-00C04F79EFBC}") = "SoftwareAssignment3", "SoftwareAssignment3\SoftwareAssignment3.csproj", "{A95103BD-6CA8-48A4-B947-68EF44B96B4C}"
EndProject
Global
	GlobalSection(SolutionConfigurationPlatforms) = preSolution
		Debug|Any CPU = Debug|Any CPU
		Release|Any CPU = Release|Any CPU
	EndGlobalSection
	GlobalSection(ProjectConfigurationPlatforms) = postSolution
		{A95103BD-6CA8-48A4-B947-68EF44B96B4C}.Debug|Any CPU.ActiveCfg = Debug|Any CPU
		{A95103BD-6CA8-48A4-B947-68EF44B96B4C}.Debug|Any CPU.Build.0 = Debug|Any CPU
		{A95103BD-6CA8-48A4-B947-68EF44B96B4C}.Release|Any CPU.ActiveCfg = Release|Any CPU
		{A95103BD-6CA8-48A4-B947-68EF44B96B4C}.Release|Any CPU.Build.0 = Release|Any CPU
	EndGlobalSection
	GlobalSection(SolutionProperties) = preSolution
		HideSolutionNode = FALSE
	EndGlobalSection
	GlobalSection(ExtensibilityGlobals) = postSolution
		SolutionGuid = {D8EBC9FA-654F-4AE2-BEED-CC9E0EA6C402}
	EndGlobalSection
EndGlobal
